
Microsoft Visual Studio Solution File, Format Version 9.00
# Visual C++ Express 2005
Project("{8BC9CEB8-8B4A-11D0-8D11-00A0C91BC942}") = "cat_to_cpp", "cat_to_cpp.vcproj", "{AB6672EE-1C50-4BFE-BB13-40CCAE5A2559}"
EndProject
Project("{8BC9CEB8-8B4A-11D0-8D11-00A0C91BC942}") = "cat_cpp_output", "..\cat_to_cpp_output\cat_cpp_output.vcproj", "{2B726590-E32A-45E6-BCEA-E28F77A9AE8D}"
EndProject
Global
	GlobalSection(SolutionConfigurationPlatforms) = preSolution
		Debug|Win32 = Debug|Win32
		Release|Win32 = Release|Win32
	EndGlobalSection
	GlobalSection(ProjectConfigurationPlatforms) = postSolution
		{AB6672EE-1C50-4BFE-BB13-40CCAE5A2559}.Debug|Win32.ActiveCfg = Debug|Win32
		{AB6672EE-1C50-4BFE-BB13-40CCAE5A2559}.Debug|Win32.Build.0 = Debug|Win32
		{AB6672EE-1C50-4BFE-BB13-40CCAE5A2559}.Release|Win32.ActiveCfg = Release|Win32
		{AB6672EE-1C50-4BFE-BB13-40CCAE5A2559}.Release|Win32.Build.0 = Release|Win32
		{2B726590-E32A-45E6-BCEA-E28F77A9AE8D}.Debug|Win32.ActiveCfg = Debug|Win32
		{2B726590-E32A-45E6-BCEA-E28F77A9AE8D}.Debug|Win32.Build.0 = Debug|Win32
		{2B726590-E32A-45E6-BCEA-E28F77A9AE8D}.Release|Win32.ActiveCfg = Release|Win32
		{2B726590-E32A-45E6-BCEA-E28F77A9AE8D}.Release|Win32.Build.0 = Release|Win32
	EndGlobalSection
	GlobalSection(SolutionProperties) = preSolution
		HideSolutionNode = FALSE
	EndGlobalSection
EndGlobal
